
Microsoft Visual Studio Solution File, Format Version 12.00
# Visual Studio 15
VisualStudioVersion = 15.0.28307.779
MinimumVisualStudioVersion = 10.0.40219.1
Project("{888888A0-9F3D-457C-B088-3A5042F75D52}") = "MatrixPath", "MatrixPath\MatrixPath.pyproj", "{F838FEE1-B470-4FD2-961E-6C3508F89884}"
EndProject
Global
	GlobalSection(SolutionConfigurationPlatforms) = preSolution
		Debug|Any CPU = Debug|Any CPU
		Release|Any CPU = Release|Any CPU
	EndGlobalSection
	GlobalSection(ProjectConfigurationPlatforms) = postSolution
		{F838FEE1-B470-4FD2-961E-6C3508F89884}.Debug|Any CPU.ActiveCfg = Debug|Any CPU
		{F838FEE1-B470-4FD2-961E-6C3508F89884}.Release|Any CPU.ActiveCfg = Release|Any CPU
	EndGlobalSection
	GlobalSection(SolutionProperties) = preSolution
		HideSolutionNode = FALSE
	EndGlobalSection
	GlobalSection(ExtensibilityGlobals) = postSolution
		SolutionGuid = {0CDB503F-BD4F-4695-AA2F-B761D338A473}
	EndGlobalSection
EndGlobal
